
Microsoft Visual Studio Solution File, Format Version 12.00
# Visual Studio Version 17
VisualStudioVersion = 17.14.36414.22
MinimumVisualStudioVersion = 10.0.40219.1
Project("{2150E333-8FDC-42A3-9474-1A3956D46DE8}") = "Task0", "Task0", "{02EA681E-C7D8-13C7-8484-4AC65E1B71E8}"
EndProject
Project("{2150E333-8FDC-42A3-9474-1A3956D46DE8}") = "Task1", "Task1", "{89CD647C-B139-4894-A87C-8E7BB50C31D1}"
EndProject
Project("{2150E333-8FDC-42A3-9474-1A3956D46DE8}") = "Task2", "Task2", "{361FBE16-7C07-4469-BE53-E71DB08B81A1}"
EndProject
Project("{2150E333-8FDC-42A3-9474-1A3956D46DE8}") = "Task3", "Task3", "{BAA88CAF-6C11-4CDF-9E5A-363EA8B73F6E}"
EndProject
Project("{2150E333-8FDC-42A3-9474-1A3956D46DE8}") = "Task4", "Task4", "{0C16351C-EC27-426F-9C83-08EE23B3AF5A}"
EndProject
Project("{2150E333-8FDC-42A3-9474-1A3956D46DE8}") = "Task5", "Task5", "{B99C7600-A20B-4E6C-9856-B0CFC8672B66}"
EndProject
Project("{2150E333-8FDC-42A3-9474-1A3956D46DE8}") = "Task6", "Task6", "{A14F9D9D-E17D-4D09-A1FB-3B0A669E08D3}"
EndProject
Project("{2150E333-8FDC-42A3-9474-1A3956D46DE8}") = "Task7", "Task7", "{C965188E-A19E-4FDB-8902-6A45886FCB31}"
EndProject
Project("{FAE04EC0-301F-11D3-BF4B-00C04F79EFBC}") = "Tyuiu.FisherMA.Sprint4.Task0.V13", "Tyuiu.FisherMA.Sprint4.Task0.V13\Tyuiu.FisherMA.Sprint4.Task0.V13.csproj", "{3CB95AB8-5B41-460D-82FE-101372C907AE}"
EndProject
Project("{FAE04EC0-301F-11D3-BF4B-00C04F79EFBC}") = "Tyuiu.FisherMA.Sprint4.Task0.V13.Lib", "Tyuiu.FisherMA.Sprint4.Task0.V13.Lib\Tyuiu.FisherMA.Sprint4.Task0.V13.Lib.csproj", "{8D7FD4F1-2D2B-46E9-943C-C95F3DA735C1}"
EndProject
Project("{FAE04EC0-301F-11D3-BF4B-00C04F79EFBC}") = "Tyuiu.FisherMA.Sprint4.Task0.V13.Test", "Tyuiu.FisherMA.Sprint4.Task0.V13.Test\Tyuiu.FisherMA.Sprint4.Task0.V13.Test.csproj", "{3F659107-75F6-478E-862D-70F4F3FAAD80}"
EndProject
Project("{FAE04EC0-301F-11D3-BF4B-00C04F79EFBC}") = "Tyuiu.FisherMA.Sprint4.Task1.V19", "Tyuiu.FisherMA.Sprint4.Task1.V19\Tyuiu.FisherMA.Sprint4.Task1.V19.csproj", "{FC144E88-BF8B-4659-B188-2A099A145837}"
EndProject
Project("{FAE04EC0-301F-11D3-BF4B-00C04F79EFBC}") = "Tyuiu.FisherMA.Sprint4.Task1.V19.Test", "Tyuiu.FisherMA.Sprint4.Task1.V19.Test\Tyuiu.FisherMA.Sprint4.Task1.V19.Test.csproj", "{49FCB5CE-7526-49E0-9A1D-4E8758D5696C}"
EndProject
Project("{FAE04EC0-301F-11D3-BF4B-00C04F79EFBC}") = "Tyuiu.FisherMA.Sprint4.Task1.V19.Lib", "Tyuiu.FisherMA.Sprint4.Task1.V19.Lib\Tyuiu.FisherMA.Sprint4.Task1.V19.Lib.csproj", "{2E7D1DD1-725C-426F-B0F8-9CADBAB67835}"
EndProject
Project("{FAE04EC0-301F-11D3-BF4B-00C04F79EFBC}") = "Tyuiu.FisherMA.Sprint4.Task2.V11", "Tyuiu.FisherMA.Sprint4.Task2.V11\Tyuiu.FisherMA.Sprint4.Task2.V11.csproj", "{CC7A148B-3D7F-4C60-BCD6-A5B1119201DE}"
EndProject
Project("{FAE04EC0-301F-11D3-BF4B-00C04F79EFBC}") = "Tyuiu.FisherMA.Sprint4.Task2.V11.Lib", "Tyuiu.FisherMA.Sprint4.Task2.V11.Lib\Tyuiu.FisherMA.Sprint4.Task2.V11.Lib.csproj", "{3EF7B4BB-6CC5-4E02-BB1C-5BFCDFBA6C18}"
EndProject
Project("{FAE04EC0-301F-11D3-BF4B-00C04F79EFBC}") = "Tyuiu.FisherMA.Sprint4.Task2.V11.Test", "Tyuiu.FisherMA.Sprint4.Task2.V11.Test\Tyuiu.FisherMA.Sprint4.Task2.V11.Test.csproj", "{533C001C-BC23-4644-88A6-27200AA747D5}"
EndProject
Project("{FAE04EC0-301F-11D3-BF4B-00C04F79EFBC}") = "Tyuiu.FisherMA.Sprint4.Task3.V14", "Tyuiu.FisherMA.Sprint4.Task3.V14\Tyuiu.FisherMA.Sprint4.Task3.V14.csproj", "{9FF82870-D294-443D-B101-8713D6E16EC8}"
EndProject
Project("{FAE04EC0-301F-11D3-BF4B-00C04F79EFBC}") = "Tyuiu.FisherMA.Sprint4.Task3.V14.Lib", "Tyuiu.FisherMA.Sprint4.Task3.V14.Lib\Tyuiu.FisherMA.Sprint4.Task3.V14.Lib.csproj", "{DE5E4F6A-B27A-42ED-9B62-F8CEF0FAAAD8}"
EndProject
Project("{FAE04EC0-301F-11D3-BF4B-00C04F79EFBC}") = "Tyuiu.FisherMA.Sprint4.Task3.V14.Test", "Tyuiu.FisherMA.Sprint4.Task3.V14.Test\Tyuiu.FisherMA.Sprint4.Task3.V14.Test.csproj", "{8B4207F1-C8C3-4452-BD37-4A6C7FEDACC3}"
EndProject
Project("{FAE04EC0-301F-11D3-BF4B-00C04F79EFBC}") = "Tyuiu.FisherMA.Sprint4.Task4.V17", "Tyuiu.FisherMA.Sprint4.Task4.V17\Tyuiu.FisherMA.Sprint4.Task4.V17.csproj", "{EFCD37C2-8CFD-4C4A-9BD2-9030E68137A6}"
EndProject
Project("{FAE04EC0-301F-11D3-BF4B-00C04F79EFBC}") = "Tyuiu.FisherMA.Sprint4.Task4.V17.Test", "Tyuiu.FisherMA.Sprint4.Task4.V17.Test\Tyuiu.FisherMA.Sprint4.Task4.V17.Test.csproj", "{DAA6C414-A53C-462A-8322-13BAF5473941}"
EndProject
Project("{FAE04EC0-301F-11D3-BF4B-00C04F79EFBC}") = "Tyuiu.FisherMA.Sprint4.Task4.V17.Lib", "Tyuiu.FisherMA.Sprint4.Task4.V17.Lib\Tyuiu.FisherMA.Sprint4.Task4.V17.Lib.csproj", "{C0244275-B124-44C5-ACBB-0ADB0F0753D4}"
EndProject
Project("{FAE04EC0-301F-11D3-BF4B-00C04F79EFBC}") = "Tyuiu.FisherMA.Sprint4.Task5.V10", "Tyuiu.FisherMA.Sprint4.Task5.V10\Tyuiu.FisherMA.Sprint4.Task5.V10.csproj", "{D369D86B-C212-44AA-B2B9-429D67F2B5C0}"
EndProject
Project("{FAE04EC0-301F-11D3-BF4B-00C04F79EFBC}") = "Tyuiu.FisherMA.Sprint4.Task5.V10.Lib", "Tyuiu.FisherMA.Sprint4.Task5.V10.Lib\Tyuiu.FisherMA.Sprint4.Task5.V10.Lib.csproj", "{71EC39CF-B28F-413E-8738-CCA52FDD473F}"
EndProject
Project("{FAE04EC0-301F-11D3-BF4B-00C04F79EFBC}") = "Tyuiu.FisherMA.Sprint4.Task5.V10.Test", "Tyuiu.FisherMA.Sprint4.Task5.V10.Test\Tyuiu.FisherMA.Sprint4.Task5.V10.Test.csproj", "{48F7B4EC-477A-42F2-83EA-769573FE8241}"
EndProject
Project("{FAE04EC0-301F-11D3-BF4B-00C04F79EFBC}") = "Tyuiu.FisherMA.Sprint4.Task6.V2", "Tyuiu.FisherMA.Sprint4.Task6.V2\Tyuiu.FisherMA.Sprint4.Task6.V2.csproj", "{B21C349A-C016-4436-89DD-2BCECB02FA5D}"
EndProject
Project("{FAE04EC0-301F-11D3-BF4B-00C04F79EFBC}") = "Tyuiu.FisherMA.Sprint4.Task6.V2.Test", "Tyuiu.FisherMA.Sprint4.Task6.V2.Test\Tyuiu.FisherMA.Sprint4.Task6.V2.Test.csproj", "{601DD089-E2D9-4576-9AEF-1768236F56F9}"
EndProject
Project("{FAE04EC0-301F-11D3-BF4B-00C04F79EFBC}") = "Tyuiu.FisherMA.Sprint4.Task6.V2.Lib", "Tyuiu.FisherMA.Sprint4.Task6.V2.Lib\Tyuiu.FisherMA.Sprint4.Task6.V2.Lib.csproj", "{C5E6CA85-9F5A-437A-ADC7-1A947324E2D7}"
EndProject
Global
	GlobalSection(SolutionConfigurationPlatforms) = preSolution
		Debug|Any CPU = Debug|Any CPU
		Release|Any CPU = Release|Any CPU
	EndGlobalSection
	GlobalSection(ProjectConfigurationPlatforms) = postSolution
		{3CB95AB8-5B41-460D-82FE-101372C907AE}.Debug|Any CPU.ActiveCfg = Debug|Any CPU
		{3CB95AB8-5B41-460D-82FE-101372C907AE}.Debug|Any CPU.Build.0 = Debug|Any CPU
		{3CB95AB8-5B41-460D-82FE-101372C907AE}.Release|Any CPU.ActiveCfg = Release|Any CPU
		{3CB95AB8-5B41-460D-82FE-101372C907AE}.Release|Any CPU.Build.0 = Release|Any CPU
		{8D7FD4F1-2D2B-46E9-943C-C95F3DA735C1}.Debug|Any CPU.ActiveCfg = Debug|Any CPU
		{8D7FD4F1-2D2B-46E9-943C-C95F3DA735C1}.Debug|Any CPU.Build.0 = Debug|Any CPU
		{8D7FD4F1-2D2B-46E9-943C-C95F3DA735C1}.Release|Any CPU.ActiveCfg = Release|Any CPU
		{8D7FD4F1-2D2B-46E9-943C-C95F3DA735C1}.Release|Any CPU.Build.0 = Release|Any CPU
		{3F659107-75F6-478E-862D-70F4F3FAAD80}.Debug|Any CPU.ActiveCfg = Debug|Any CPU
		{3F659107-75F6-478E-862D-70F4F3FAAD80}.Debug|Any CPU.Build.0 = Debug|Any CPU
		{3F659107-75F6-478E-862D-70F4F3FAAD80}.Release|Any CPU.ActiveCfg = Release|Any CPU
		{3F659107-75F6-478E-862D-70F4F3FAAD80}.Release|Any CPU.Build.0 = Release|Any CPU
		{FC144E88-BF8B-4659-B188-2A099A145837}.Debug|Any CPU.ActiveCfg = Debug|Any CPU
		{FC144E88-BF8B-4659-B188-2A099A145837}.Debug|Any CPU.Build.0 = Debug|Any CPU
		{FC144E88-BF8B-4659-B188-2A099A145837}.Release|Any CPU.ActiveCfg = Release|Any CPU
		{FC144E88-BF8B-4659-B188-2A099A145837}.Release|Any CPU.Build.0 = Release|Any CPU
		{49FCB5CE-7526-49E0-9A1D-4E8758D5696C}.Debug|Any CPU.ActiveCfg = Debug|Any CPU
		{49FCB5CE-7526-49E0-9A1D-4E8758D5696C}.Debug|Any CPU.Build.0 = Debug|Any CPU
		{49FCB5CE-7526-49E0-9A1D-4E8758D5696C}.Release|Any CPU.ActiveCfg = Release|Any CPU
		{49FCB5CE-7526-49E0-9A1D-4E8758D5696C}.Release|Any CPU.Build.0 = Release|Any CPU
		{2E7D1DD1-725C-426F-B0F8-9CADBAB67835}.Debug|Any CPU.ActiveCfg = Debug|Any CPU
		{2E7D1DD1-725C-426F-B0F8-9CADBAB67835}.Debug|Any CPU.Build.0 = Debug|Any CPU
		{2E7D1DD1-725C-426F-B0F8-9CADBAB67835}.Release|Any CPU.ActiveCfg = Release|Any CPU
		{2E7D1DD1-725C-426F-B0F8-9CADBAB67835}.Release|Any CPU.Build.0 = Release|Any CPU
		{CC7A148B-3D7F-4C60-BCD6-A5B1119201DE}.Debug|Any CPU.ActiveCfg = Debug|Any CPU
		{CC7A148B-3D7F-4C60-BCD6-A5B1119201DE}.Debug|Any CPU.Build.0 = Debug|Any CPU
		{CC7A148B-3D7F-4C60-BCD6-A5B1119201DE}.Release|Any CPU.ActiveCfg = Release|Any CPU
		{CC7A148B-3D7F-4C60-BCD6-A5B1119201DE}.Release|Any CPU.Build.0 = Release|Any CPU
		{3EF7B4BB-6CC5-4E02-BB1C-5BFCDFBA6C18}.Debug|Any CPU.ActiveCfg = Debug|Any CPU
		{3EF7B4BB-6CC5-4E02-BB1C-5BFCDFBA6C18}.Debug|Any CPU.Build.0 = Debug|Any CPU
		{3EF7B4BB-6CC5-4E02-BB1C-5BFCDFBA6C18}.Release|Any CPU.ActiveCfg = Release|Any CPU
		{3EF7B4BB-6CC5-4E02-BB1C-5BFCDFBA6C18}.Release|Any CPU.Build.0 = Release|Any CPU
		{533C001C-BC23-4644-88A6-27200AA747D5}.Debug|Any CPU.ActiveCfg = Debug|Any CPU
		{533C001C-BC23-4644-88A6-27200AA747D5}.Debug|Any CPU.Build.0 = Debug|Any CPU
		{533C001C-BC23-4644-88A6-27200AA747D5}.Release|Any CPU.ActiveCfg = Release|Any CPU
		{533C001C-BC23-4644-88A6-27200AA747D5}.Release|Any CPU.Build.0 = Release|Any CPU
		{9FF82870-D294-443D-B101-8713D6E16EC8}.Debug|Any CPU.ActiveCfg = Debug|Any CPU
		{9FF82870-D294-443D-B101-8713D6E16EC8}.Debug|Any CPU.Build.0 = Debug|Any CPU
		{9FF82870-D294-443D-B101-8713D6E16EC8}.Release|Any CPU.ActiveCfg = Release|Any CPU
		{9FF82870-D294-443D-B101-8713D6E16EC8}.Release|Any CPU.Build.0 = Release|Any CPU
		{DE5E4F6A-B27A-42ED-9B62-F8CEF0FAAAD8}.Debug|Any CPU.ActiveCfg = Debug|Any CPU
		{DE5E4F6A-B27A-42ED-9B62-F8CEF0FAAAD8}.Debug|Any CPU.Build.0 = Debug|Any CPU
		{DE5E4F6A-B27A-42ED-9B62-F8CEF0FAAAD8}.Release|Any CPU.ActiveCfg = Release|Any CPU
		{DE5E4F6A-B27A-42ED-9B62-F8CEF0FAAAD8}.Release|Any CPU.Build.0 = Release|Any CPU
		{8B4207F1-C8C3-4452-BD37-4A6C7FEDACC3}.Debug|Any CPU.ActiveCfg = Debug|Any CPU
		{8B4207F1-C8C3-4452-BD37-4A6C7FEDACC3}.Debug|Any CPU.Build.0 = Debug|Any CPU
		{8B4207F1-C8C3-4452-BD37-4A6C7FEDACC3}.Release|Any CPU.ActiveCfg = Release|Any CPU
		{8B4207F1-C8C3-4452-BD37-4A6C7FEDACC3}.Release|Any CPU.Build.0 = Release|Any CPU
		{EFCD37C2-8CFD-4C4A-9BD2-9030E68137A6}.Debug|Any CPU.ActiveCfg = Debug|Any CPU
		{EFCD37C2-8CFD-4C4A-9BD2-9030E68137A6}.Debug|Any CPU.Build.0 = Debug|Any CPU
		{EFCD37C2-8CFD-4C4A-9BD2-9030E68137A6}.Release|Any CPU.ActiveCfg = Release|Any CPU
		{EFCD37C2-8CFD-4C4A-9BD2-9030E68137A6}.Release|Any CPU.Build.0 = Release|Any CPU
		{DAA6C414-A53C-462A-8322-13BAF5473941}.Debug|Any CPU.ActiveCfg = Debug|Any CPU
		{DAA6C414-A53C-462A-8322-13BAF5473941}.Debug|Any CPU.Build.0 = Debug|Any CPU
		{DAA6C414-A53C-462A-8322-13BAF5473941}.Release|Any CPU.ActiveCfg = Release|Any CPU
		{DAA6C414-A53C-462A-8322-13BAF5473941}.Release|Any CPU.Build.0 = Release|Any CPU
		{C0244275-B124-44C5-ACBB-0ADB0F0753D4}.Debug|Any CPU.ActiveCfg = Debug|Any CPU
		{C0244275-B124-44C5-ACBB-0ADB0F0753D4}.Debug|Any CPU.Build.0 = Debug|Any CPU
		{C0244275-B124-44C5-ACBB-0ADB0F0753D4}.Release|Any CPU.ActiveCfg = Release|Any CPU
		{C0244275-B124-44C5-ACBB-0ADB0F0753D4}.Release|Any CPU.Build.0 = Release|Any CPU
		{D369D86B-C212-44AA-B2B9-429D67F2B5C0}.Debug|Any CPU.ActiveCfg = Debug|Any CPU
		{D369D86B-C212-44AA-B2B9-429D67F2B5C0}.Debug|Any CPU.Build.0 = Debug|Any CPU
		{D369D86B-C212-44AA-B2B9-429D67F2B5C0}.Release|Any CPU.ActiveCfg = Release|Any CPU
		{D369D86B-C212-44AA-B2B9-429D67F2B5C0}.Release|Any CPU.Build.0 = Release|Any CPU
		{71EC39CF-B28F-413E-8738-CCA52FDD473F}.Debug|Any CPU.ActiveCfg = Debug|Any CPU
		{71EC39CF-B28F-413E-8738-CCA52FDD473F}.Debug|Any CPU.Build.0 = Debug|Any CPU
		{71EC39CF-B28F-413E-8738-CCA52FDD473F}.Release|Any CPU.ActiveCfg = Release|Any CPU
		{71EC39CF-B28F-413E-8738-CCA52FDD473F}.Release|Any CPU.Build.0 = Release|Any CPU
		{48F7B4EC-477A-42F2-83EA-769573FE8241}.Debug|Any CPU.ActiveCfg = Debug|Any CPU
		{48F7B4EC-477A-42F2-83EA-769573FE8241}.Debug|Any CPU.Build.0 = Debug|Any CPU
		{48F7B4EC-477A-42F2-83EA-769573FE8241}.Release|Any CPU.ActiveCfg = Release|Any CPU
		{48F7B4EC-477A-42F2-83EA-769573FE8241}.Release|Any CPU.Build.0 = Release|Any CPU
		{B21C349A-C016-4436-89DD-2BCECB02FA5D}.Debug|Any CPU.ActiveCfg = Debug|Any CPU
		{B21C349A-C016-4436-89DD-2BCECB02FA5D}.Debug|Any CPU.Build.0 = Debug|Any CPU
		{B21C349A-C016-4436-89DD-2BCECB02FA5D}.Release|Any CPU.ActiveCfg = Release|Any CPU
		{B21C349A-C016-4436-89DD-2BCECB02FA5D}.Release|Any CPU.Build.0 = Release|Any CPU
		{601DD089-E2D9-4576-9AEF-1768236F56F9}.Debug|Any CPU.ActiveCfg = Debug|Any CPU
		{601DD089-E2D9-4576-9AEF-1768236F56F9}.Debug|Any CPU.Build.0 = Debug|Any CPU
		{601DD089-E2D9-4576-9AEF-1768236F56F9}.Release|Any CPU.ActiveCfg = Release|Any CPU
		{601DD089-E2D9-4576-9AEF-1768236F56F9}.Release|Any CPU.Build.0 = Release|Any CPU
		{C5E6CA85-9F5A-437A-ADC7-1A947324E2D7}.Debug|Any CPU.ActiveCfg = Debug|Any CPU
		{C5E6CA85-9F5A-437A-ADC7-1A947324E2D7}.Debug|Any CPU.Build.0 = Debug|Any CPU
		{C5E6CA85-9F5A-437A-ADC7-1A947324E2D7}.Release|Any CPU.ActiveCfg = Release|Any CPU
		{C5E6CA85-9F5A-437A-ADC7-1A947324E2D7}.Release|Any CPU.Build.0 = Release|Any CPU
	EndGlobalSection
	GlobalSection(SolutionProperties) = preSolution
		HideSolutionNode = FALSE
	EndGlobalSection
	GlobalSection(NestedProjects) = preSolution
		{3CB95AB8-5B41-460D-82FE-101372C907AE} = {02EA681E-C7D8-13C7-8484-4AC65E1B71E8}
		{8D7FD4F1-2D2B-46E9-943C-C95F3DA735C1} = {02EA681E-C7D8-13C7-8484-4AC65E1B71E8}
		{3F659107-75F6-478E-862D-70F4F3FAAD80} = {02EA681E-C7D8-13C7-8484-4AC65E1B71E8}
		{FC144E88-BF8B-4659-B188-2A099A145837} = {89CD647C-B139-4894-A87C-8E7BB50C31D1}
		{49FCB5CE-7526-49E0-9A1D-4E8758D5696C} = {89CD647C-B139-4894-A87C-8E7BB50C31D1}
		{2E7D1DD1-725C-426F-B0F8-9CADBAB67835} = {89CD647C-B139-4894-A87C-8E7BB50C31D1}
		{CC7A148B-3D7F-4C60-BCD6-A5B1119201DE} = {361FBE16-7C07-4469-BE53-E71DB08B81A1}
		{3EF7B4BB-6CC5-4E02-BB1C-5BFCDFBA6C18} = {361FBE16-7C07-4469-BE53-E71DB08B81A1}
		{533C001C-BC23-4644-88A6-27200AA747D5} = {361FBE16-7C07-4469-BE53-E71DB08B81A1}
		{9FF82870-D294-443D-B101-8713D6E16EC8} = {BAA88CAF-6C11-4CDF-9E5A-363EA8B73F6E}
		{DE5E4F6A-B27A-42ED-9B62-F8CEF0FAAAD8} = {BAA88CAF-6C11-4CDF-9E5A-363EA8B73F6E}
		{8B4207F1-C8C3-4452-BD37-4A6C7FEDACC3} = {BAA88CAF-6C11-4CDF-9E5A-363EA8B73F6E}
		{EFCD37C2-8CFD-4C4A-9BD2-9030E68137A6} = {0C16351C-EC27-426F-9C83-08EE23B3AF5A}
		{DAA6C414-A53C-462A-8322-13BAF5473941} = {0C16351C-EC27-426F-9C83-08EE23B3AF5A}
		{C0244275-B124-44C5-ACBB-0ADB0F0753D4} = {0C16351C-EC27-426F-9C83-08EE23B3AF5A}
		{D369D86B-C212-44AA-B2B9-429D67F2B5C0} = {B99C7600-A20B-4E6C-9856-B0CFC8672B66}
		{71EC39CF-B28F-413E-8738-CCA52FDD473F} = {B99C7600-A20B-4E6C-9856-B0CFC8672B66}
		{48F7B4EC-477A-42F2-83EA-769573FE8241} = {B99C7600-A20B-4E6C-9856-B0CFC8672B66}
		{B21C349A-C016-4436-89DD-2BCECB02FA5D} = {A14F9D9D-E17D-4D09-A1FB-3B0A669E08D3}
		{601DD089-E2D9-4576-9AEF-1768236F56F9} = {A14F9D9D-E17D-4D09-A1FB-3B0A669E08D3}
		{C5E6CA85-9F5A-437A-ADC7-1A947324E2D7} = {A14F9D9D-E17D-4D09-A1FB-3B0A669E08D3}
	EndGlobalSection
	GlobalSection(ExtensibilityGlobals) = postSolution
		SolutionGuid = {35891632-CD74-4B3F-830A-EE2857E705F5}
	EndGlobalSection
EndGlobal
